// !$*UTF8*$!
{
	archiveVersion = 1;
	classes = {
	};
	objectVersion = 50;
	objects = {

/* Begin PBXBuildFile section */
		784242ED2629E37C00D76575 /* AppDelegate.swift in Sources */ = {isa = PBXBuildFile; fileRef = 784242EC2629E37C00D76575 /* AppDelegate.swift */; };
		784242EF2629E37C00D76575 /* SceneDelegate.swift in Sources */ = {isa = PBXBuildFile; fileRef = 784242EE2629E37C00D76575 /* SceneDelegate.swift */; };
		784242F62629E37D00D76575 /* Assets.xcassets in Resources */ = {isa = PBXBuildFile; fileRef = 784242F52629E37D00D76575 /* Assets.xcassets */; };
		784242F92629E37D00D76575 /* LaunchScreen.storyboard in Resources */ = {isa = PBXBuildFile; fileRef = 784242F72629E37D00D76575 /* LaunchScreen.storyboard */; };
		784243062629E69300D76575 /* SignInViewController.swift in Sources */ = {isa = PBXBuildFile; fileRef = 784243052629E69300D76575 /* SignInViewController.swift */; };
		785667B9262AE21100F0F7A3 /* SignInPresenter.swift in Sources */ = {isa = PBXBuildFile; fileRef = 785667B8262AE21100F0F7A3 /* SignInPresenter.swift */; };
		785667BE262AEDE300F0F7A3 /* SignInPresenterProtocol.swift in Sources */ = {isa = PBXBuildFile; fileRef = 785667BD262AEDE300F0F7A3 /* SignInPresenterProtocol.swift */; };
		785667C1262AEE5C00F0F7A3 /* SignInViewProtocol.swift in Sources */ = {isa = PBXBuildFile; fileRef = 785667C0262AEE5C00F0F7A3 /* SignInViewProtocol.swift */; };
		787616FB2631AD78001D5B59 /* WeatherModel.swift in Sources */ = {isa = PBXBuildFile; fileRef = 787616FA2631AD78001D5B59 /* WeatherModel.swift */; };
		78F18BD226386DDB00D254D2 /* Ubuntu-Medium.ttf in Resources */ = {isa = PBXBuildFile; fileRef = 78F18BD126386DDB00D254D2 /* Ubuntu-Medium.ttf */; };
		78F18BD5263880D000D254D2 /* MainViewController.swift in Sources */ = {isa = PBXBuildFile; fileRef = 78F18BD4263880D000D254D2 /* MainViewController.swift */; };
		78F18BD82639719300D254D2 /* HomeViewController.swift in Sources */ = {isa = PBXBuildFile; fileRef = 78F18BD72639719300D254D2 /* HomeViewController.swift */; };
		78F18BDA263971BE00D254D2 /* ProfileViewController.swift in Sources */ = {isa = PBXBuildFile; fileRef = 78F18BD9263971BE00D254D2 /* ProfileViewController.swift */; };
		78F18BDC263971C800D254D2 /* AccountsViewController.swift in Sources */ = {isa = PBXBuildFile; fileRef = 78F18BDB263971C800D254D2 /* AccountsViewController.swift */; };
		78F18BDE263971D900D254D2 /* TransactionsViewController.swift in Sources */ = {isa = PBXBuildFile; fileRef = 78F18BDD263971D900D254D2 /* TransactionsViewController.swift */; };
		78F18BE0263971E500D254D2 /* StatsViewController.swift in Sources */ = {isa = PBXBuildFile; fileRef = 78F18BDF263971E500D254D2 /* StatsViewController.swift */; };
		78F18BE2263971F000D254D2 /* SettingsViewController.swift in Sources */ = {isa = PBXBuildFile; fileRef = 78F18BE1263971F000D254D2 /* SettingsViewController.swift */; };
		78F18BE4263971FB00D254D2 /* HelpViewController.swift in Sources */ = {isa = PBXBuildFile; fileRef = 78F18BE3263971FB00D254D2 /* HelpViewController.swift */; };
		78F18BE62639B66100D254D2 /* MenuTableViewCell.swift in Sources */ = {isa = PBXBuildFile; fileRef = 78F18BE52639B66100D254D2 /* MenuTableViewCell.swift */; };
		78F18BEA263A05A700D254D2 /* Dictionary + [index].swift in Sources */ = {isa = PBXBuildFile; fileRef = 78F18BE9263A05A700D254D2 /* Dictionary + [index].swift */; };
		78F18BEE263B4A9300D254D2 /* MenuDelegate.swift in Sources */ = {isa = PBXBuildFile; fileRef = 78F18BED263B4A9300D254D2 /* MenuDelegate.swift */; };
/* End PBXBuildFile section */

/* Begin PBXFileReference section */
		784242E92629E37C00D76575 /* SushiVeslaTestApp.app */ = {isa = PBXFileReference; explicitFileType = wrapper.application; includeInIndex = 0; path = SushiVeslaTestApp.app; sourceTree = BUILT_PRODUCTS_DIR; };
		784242EC2629E37C00D76575 /* AppDelegate.swift */ = {isa = PBXFileReference; lastKnownFileType = sourcecode.swift; path = AppDelegate.swift; sourceTree = "<group>"; };
		784242EE2629E37C00D76575 /* SceneDelegate.swift */ = {isa = PBXFileReference; lastKnownFileType = sourcecode.swift; path = SceneDelegate.swift; sourceTree = "<group>"; };
		784242F52629E37D00D76575 /* Assets.xcassets */ = {isa = PBXFileReference; lastKnownFileType = folder.assetcatalog; path = Assets.xcassets; sourceTree = "<group>"; };
		784242F82629E37D00D76575 /* Base */ = {isa = PBXFileReference; lastKnownFileType = file.storyboard; name = Base; path = Base.lproj/LaunchScreen.storyboard; sourceTree = "<group>"; };
		784242FA2629E37D00D76575 /* Info.plist */ = {isa = PBXFileReference; lastKnownFileType = text.plist.xml; path = Info.plist; sourceTree = "<group>"; };
		784243052629E69300D76575 /* SignInViewController.swift */ = {isa = PBXFileReference; lastKnownFileType = sourcecode.swift; path = SignInViewController.swift; sourceTree = "<group>"; };
		785667B8262AE21100F0F7A3 /* SignInPresenter.swift */ = {isa = PBXFileReference; lastKnownFileType = sourcecode.swift; path = SignInPresenter.swift; sourceTree = "<group>"; };
		785667BD262AEDE300F0F7A3 /* SignInPresenterProtocol.swift */ = {isa = PBXFileReference; lastKnownFileType = sourcecode.swift; path = SignInPresenterProtocol.swift; sourceTree = "<group>"; };
		785667C0262AEE5C00F0F7A3 /* SignInViewProtocol.swift */ = {isa = PBXFileReference; lastKnownFileType = sourcecode.swift; path = SignInViewProtocol.swift; sourceTree = "<group>"; };
		787616FA2631AD78001D5B59 /* WeatherModel.swift */ = {isa = PBXFileReference; lastKnownFileType = sourcecode.swift; path = WeatherModel.swift; sourceTree = "<group>"; };
		78F18BD126386DDB00D254D2 /* Ubuntu-Medium.ttf */ = {isa = PBXFileReference; lastKnownFileType = file; path = "Ubuntu-Medium.ttf"; sourceTree = "<group>"; };
		78F18BD4263880D000D254D2 /* MainViewController.swift */ = {isa = PBXFileReference; lastKnownFileType = sourcecode.swift; path = MainViewController.swift; sourceTree = "<group>"; };
		78F18BD72639719300D254D2 /* HomeViewController.swift */ = {isa = PBXFileReference; lastKnownFileType = sourcecode.swift; path = HomeViewController.swift; sourceTree = "<group>"; };
		78F18BD9263971BE00D254D2 /* ProfileViewController.swift */ = {isa = PBXFileReference; lastKnownFileType = sourcecode.swift; path = ProfileViewController.swift; sourceTree = "<group>"; };
		78F18BDB263971C800D254D2 /* AccountsViewController.swift */ = {isa = PBXFileReference; lastKnownFileType = sourcecode.swift; path = AccountsViewController.swift; sourceTree = "<group>"; };
		78F18BDD263971D900D254D2 /* TransactionsViewController.swift */ = {isa = PBXFileReference; lastKnownFileType = sourcecode.swift; path = TransactionsViewController.swift; sourceTree = "<group>"; };
		78F18BDF263971E500D254D2 /* StatsViewController.swift */ = {isa = PBXFileReference; lastKnownFileType = sourcecode.swift; path = StatsViewController.swift; sourceTree = "<group>"; };
		78F18BE1263971F000D254D2 /* SettingsViewController.swift */ = {isa = PBXFileReference; lastKnownFileType = sourcecode.swift; path = SettingsViewController.swift; sourceTree = "<group>"; };
		78F18BE3263971FB00D254D2 /* HelpViewController.swift */ = {isa = PBXFileReference; lastKnownFileType = sourcecode.swift; path = HelpViewController.swift; sourceTree = "<group>"; };
		78F18BE52639B66100D254D2 /* MenuTableViewCell.swift */ = {isa = PBXFileReference; lastKnownFileType = sourcecode.swift; path = MenuTableViewCell.swift; sourceTree = "<group>"; };
		78F18BE9263A05A700D254D2 /* Dictionary + [index].swift */ = {isa = PBXFileReference; lastKnownFileType = sourcecode.swift; path = "Dictionary + [index].swift"; sourceTree = "<group>"; };
		78F18BED263B4A9300D254D2 /* MenuDelegate.swift */ = {isa = PBXFileReference; lastKnownFileType = sourcecode.swift; path = MenuDelegate.swift; sourceTree = "<group>"; };
/* End PBXFileReference section */

/* Begin PBXFrameworksBuildPhase section */
		784242E62629E37C00D76575 /* Frameworks */ = {
			isa = PBXFrameworksBuildPhase;
			buildActionMask = 2147483647;
			files = (
			);
			runOnlyForDeploymentPostprocessing = 0;
		};
/* End PBXFrameworksBuildPhase section */

/* Begin PBXGroup section */
		784242E02629E37C00D76575 = {
			isa = PBXGroup;
			children = (
				784242EB2629E37C00D76575 /* SushiVeslaTestApp */,
				784242EA2629E37C00D76575 /* Products */,
			);
			sourceTree = "<group>";
		};
		784242EA2629E37C00D76575 /* Products */ = {
			isa = PBXGroup;
			children = (
				784242E92629E37C00D76575 /* SushiVeslaTestApp.app */,
			);
			name = Products;
			sourceTree = "<group>";
		};
		784242EB2629E37C00D76575 /* SushiVeslaTestApp */ = {
			isa = PBXGroup;
			children = (
				784242EC2629E37C00D76575 /* AppDelegate.swift */,
				784242EE2629E37C00D76575 /* SceneDelegate.swift */,
				78F18BD3263880AA00D254D2 /* Fonts */,
				787616FA2631AD78001D5B59 /* WeatherModel.swift */,
				78F18BE9263A05A700D254D2 /* Dictionary + [index].swift */,
				78F18BD6263880E100D254D2 /* MainScreen */,
				784F880B262B3A6D00BE0778 /* SignInScreen */,
				784242F52629E37D00D76575 /* Assets.xcassets */,
				784242F72629E37D00D76575 /* LaunchScreen.storyboard */,
				784242FA2629E37D00D76575 /* Info.plist */,
			);
			path = SushiVeslaTestApp;
			sourceTree = "<group>";
		};
		784F880B262B3A6D00BE0778 /* SignInScreen */ = {
			isa = PBXGroup;
			children = (
				785667B8262AE21100F0F7A3 /* SignInPresenter.swift */,
				785667BD262AEDE300F0F7A3 /* SignInPresenterProtocol.swift */,
				784243052629E69300D76575 /* SignInViewController.swift */,
				785667C0262AEE5C00F0F7A3 /* SignInViewProtocol.swift */,
			);
			path = SignInScreen;
			sourceTree = "<group>";
		};
		78F18BD3263880AA00D254D2 /* Fonts */ = {
			isa = PBXGroup;
			children = (
				78F18BD126386DDB00D254D2 /* Ubuntu-Medium.ttf */,
			);
			path = Fonts;
			sourceTree = "<group>";
		};
		78F18BD6263880E100D254D2 /* MainScreen */ = {
			isa = PBXGroup;
			children = (
				78F18BD4263880D000D254D2 /* MainViewController.swift */,
				78F18BE52639B66100D254D2 /* MenuTableViewCell.swift */,
				78F18BED263B4A9300D254D2 /* MenuDelegate.swift */,
				78F18BD72639719300D254D2 /* HomeViewController.swift */,
				78F18BD9263971BE00D254D2 /* ProfileViewController.swift */,
				78F18BDB263971C800D254D2 /* AccountsViewController.swift */,
				78F18BDD263971D900D254D2 /* TransactionsViewController.swift */,
				78F18BDF263971E500D254D2 /* StatsViewController.swift */,
				78F18BE1263971F000D254D2 /* SettingsViewController.swift */,
				78F18BE3263971FB00D254D2 /* HelpViewController.swift */,
			);
			path = MainScreen;
			sourceTree = "<group>";
		};
/* End PBXGroup section */

/* Begin PBXNativeTarget section */
		784242E82629E37C00D76575 /* SushiVeslaTestApp */ = {
			isa = PBXNativeTarget;
			buildConfigurationList = 784242FD2629E37D00D76575 /* Build configuration list for PBXNativeTarget "SushiVeslaTestApp" */;
			buildPhases = (
				784242E52629E37C00D76575 /* Sources */,
				784242E62629E37C00D76575 /* Frameworks */,
				784242E72629E37C00D76575 /* Resources */,
			);
			buildRules = (
			);
			dependencies = (
			);
			name = SushiVeslaTestApp;
			productName = SushiVeslaTestApp;
			productReference = 784242E92629E37C00D76575 /* SushiVeslaTestApp.app */;
			productType = "com.apple.product-type.application";
		};
/* End PBXNativeTarget section */

/* Begin PBXProject section */
		784242E12629E37C00D76575 /* Project object */ = {
			isa = PBXProject;
			attributes = {
				LastSwiftUpdateCheck = 1240;
				LastUpgradeCheck = 1240;
				TargetAttributes = {
					784242E82629E37C00D76575 = {
						CreatedOnToolsVersion = 12.4;
					};
				};
			};
			buildConfigurationList = 784242E42629E37C00D76575 /* Build configuration list for PBXProject "SushiVeslaTestApp" */;
			compatibilityVersion = "Xcode 9.3";
			developmentRegion = en;
			hasScannedForEncodings = 0;
			knownRegions = (
				en,
				Base,
			);
			mainGroup = 784242E02629E37C00D76575;
			productRefGroup = 784242EA2629E37C00D76575 /* Products */;
			projectDirPath = "";
			projectRoot = "";
			targets = (
				784242E82629E37C00D76575 /* SushiVeslaTestApp */,
			);
		};
/* End PBXProject section */

/* Begin PBXResourcesBuildPhase section */
		784242E72629E37C00D76575 /* Resources */ = {
			isa = PBXResourcesBuildPhase;
			buildActionMask = 2147483647;
			files = (
				784242F92629E37D00D76575 /* LaunchScreen.storyboard in Resources */,
				784242F62629E37D00D76575 /* Assets.xcassets in Resources */,
				78F18BD226386DDB00D254D2 /* Ubuntu-Medium.ttf in Resources */,
			);
			runOnlyForDeploymentPostprocessing = 0;
		};
/* End PBXResourcesBuildPhase section */

/* Begin PBXSourcesBuildPhase section */
		784242E52629E37C00D76575 /* Sources */ = {
			isa = PBXSourcesBuildPhase;
			buildActionMask = 2147483647;
			files = (
				784242ED2629E37C00D76575 /* AppDelegate.swift in Sources */,
				785667B9262AE21100F0F7A3 /* SignInPresenter.swift in Sources */,
				78F18BDE263971D900D254D2 /* TransactionsViewController.swift in Sources */,
				78F18BDA263971BE00D254D2 /* ProfileViewController.swift in Sources */,
				78F18BE4263971FB00D254D2 /* HelpViewController.swift in Sources */,
				784242EF2629E37C00D76575 /* SceneDelegate.swift in Sources */,
				78F18BEA263A05A700D254D2 /* Dictionary + [index].swift in Sources */,
				78F18BDC263971C800D254D2 /* AccountsViewController.swift in Sources */,
				787616FB2631AD78001D5B59 /* WeatherModel.swift in Sources */,
				785667BE262AEDE300F0F7A3 /* SignInPresenterProtocol.swift in Sources */,
				78F18BE0263971E500D254D2 /* StatsViewController.swift in Sources */,
				78F18BEE263B4A9300D254D2 /* MenuDelegate.swift in Sources */,
				78F18BE62639B66100D254D2 /* MenuTableViewCell.swift in Sources */,
				78F18BE2263971F000D254D2 /* SettingsViewController.swift in Sources */,
				785667C1262AEE5C00F0F7A3 /* SignInViewProtocol.swift in Sources */,
				78F18BD82639719300D254D2 /* HomeViewController.swift in Sources */,
				784243062629E69300D76575 /* SignInViewController.swift in Sources */,
				78F18BD5263880D000D254D2 /* MainViewController.swift in Sources */,
			);
			runOnlyForDeploymentPostprocessing = 0;
		};
/* End PBXSourcesBuildPhase section */

/* Begin PBXVariantGroup section */
		784242F72629E37D00D76575 /* LaunchScreen.storyboard */ = {
			isa = PBXVariantGroup;
			children = (
				784242F82629E37D00D76575 /* Base */,
			);
			name = LaunchScreen.storyboard;
			sourceTree = "<group>";
		};
/* End PBXVariantGroup section */

/* Begin XCBuildConfiguration section */
		784242FB2629E37D00D76575 /* Debug */ = {
			isa = XCBuildConfiguration;
			buildSettings = {
				ALWAYS_SEARCH_USER_PATHS = NO;
				CLANG_ANALYZER_NONNULL = YES;
				CLANG_ANALYZER_NUMBER_OBJECT_CONVERSION = YES_AGGRESSIVE;
				CLANG_CXX_LANGUAGE_STANDARD = "gnu++14";
				CLANG_CXX_LIBRARY = "libc++";
				CLANG_ENABLE_MODULES = YES;
				CLANG_ENABLE_OBJC_ARC = YES;
				CLANG_ENABLE_OBJC_WEAK = YES;
				CLANG_WARN_BLOCK_CAPTURE_AUTORELEASING = YES;
				CLANG_WARN_BOOL_CONVERSION = YES;
				CLANG_WARN_COMMA = YES;
				CLANG_WARN_CONSTANT_CONVERSION = YES;
				CLANG_WARN_DEPRECATED_OBJC_IMPLEMENTATIONS = YES;
				CLANG_WARN_DIRECT_OBJC_ISA_USAGE = YES_ERROR;
				CLANG_WARN_DOCUMENTATION_COMMENTS = YES;
				CLANG_WARN_EMPTY_BODY = YES;
				CLANG_WARN_ENUM_CONVERSION = YES;
				CLANG_WARN_INFINITE_RECURSION = YES;
				CLANG_WARN_INT_CONVERSION = YES;
				CLANG_WARN_NON_LITERAL_NULL_CONVERSION = YES;
				CLANG_WARN_OBJC_IMPLICIT_RETAIN_SELF = YES;
				CLANG_WARN_OBJC_LITERAL_CONVERSION = YES;
				CLANG_WARN_OBJC_ROOT_CLASS = YES_ERROR;
				CLANG_WARN_QUOTED_INCLUDE_IN_FRAMEWORK_HEADER = YES;
				CLANG_WARN_RANGE_LOOP_ANALYSIS = YES;
				CLANG_WARN_STRICT_PROTOTYPES = YES;
				CLANG_WARN_SUSPICIOUS_MOVE = YES;
				CLANG_WARN_UNGUARDED_AVAILABILITY = YES_AGGRESSIVE;
				CLANG_WARN_UNREACHABLE_CODE = YES;
				CLANG_WARN__DUPLICATE_METHOD_MATCH = YES;
				COPY_PHASE_STRIP = NO;
				DEBUG_INFORMATION_FORMAT = dwarf;
				ENABLE_STRICT_OBJC_MSGSEND = YES;
				ENABLE_TESTABILITY = YES;
				GCC_C_LANGUAGE_STANDARD = gnu11;
				GCC_DYNAMIC_NO_PIC = NO;
				GCC_NO_COMMON_BLOCKS = YES;
				GCC_OPTIMIZATION_LEVEL = 0;
				GCC_PREPROCESSOR_DEFINITIONS = (
					"DEBUG=1",
					"$(inherited)",
				);
				GCC_WARN_64_TO_32_BIT_CONVERSION = YES;
				GCC_WARN_ABOUT_RETURN_TYPE = YES_ERROR;
				GCC_WARN_UNDECLARED_SELECTOR = YES;
				GCC_WARN_UNINITIALIZED_AUTOS = YES_AGGRESSIVE;
				GCC_WARN_UNUSED_FUNCTION = YES;
				GCC_WARN_UNUSED_VARIABLE = YES;
				IPHONEOS_DEPLOYMENT_TARGET = 14.4;
				MTL_ENABLE_DEBUG_INFO = INCLUDE_SOURCE;
				MTL_FAST_MATH = YES;
				ONLY_ACTIVE_ARCH = YES;
				SDKROOT = iphoneos;
				SWIFT_ACTIVE_COMPILATION_CONDITIONS = DEBUG;
				SWIFT_OPTIMIZATION_LEVEL = "-Onone";
			};
			name = Debug;
		};
		784242FC2629E37D00D76575 /* Release */ = {
			isa = XCBuildConfiguration;
			buildSettings = {
				ALWAYS_SEARCH_USER_PATHS = NO;
				CLANG_ANALYZER_NONNULL = YES;
				CLANG_ANALYZER_NUMBER_OBJECT_CONVERSION = YES_AGGRESSIVE;
				CLANG_CXX_LANGUAGE_STANDARD = "gnu++14";
				CLANG_CXX_LIBRARY = "libc++";
				CLANG_ENABLE_MODULES = YES;
				CLANG_ENABLE_OBJC_ARC = YES;
				CLANG_ENABLE_OBJC_WEAK = YES;
				CLANG_WARN_BLOCK_CAPTURE_AUTORELEASING = YES;
				CLANG_WARN_BOOL_CONVERSION = YES;
				CLANG_WARN_COMMA = YES;
				CLANG_WARN_CONSTANT_CONVERSION = YES;
				CLANG_WARN_DEPRECATED_OBJC_IMPLEMENTATIONS = YES;
				CLANG_WARN_DIRECT_OBJC_ISA_USAGE = YES_ERROR;
				CLANG_WARN_DOCUMENTATION_COMMENTS = YES;
				CLANG_WARN_EMPTY_BODY = YES;
				CLANG_WARN_ENUM_CONVERSION = YES;
				CLANG_WARN_INFINITE_RECURSION = YES;
				CLANG_WARN_INT_CONVERSION = YES;
				CLANG_WARN_NON_LITERAL_NULL_CONVERSION = YES;
				CLANG_WARN_OBJC_IMPLICIT_RETAIN_SELF = YES;
				CLANG_WARN_OBJC_LITERAL_CONVERSION = YES;
				CLANG_WARN_OBJC_ROOT_CLASS = YES_ERROR;
				CLANG_WARN_QUOTED_INCLUDE_IN_FRAMEWORK_HEADER = YES;
				CLANG_WARN_RANGE_LOOP_ANALYSIS = YES;
				CLANG_WARN_STRICT_PROTOTYPES = YES;
				CLANG_WARN_SUSPICIOUS_MOVE = YES;
				CLANG_WARN_UNGUARDED_AVAILABILITY = YES_AGGRESSIVE;
				CLANG_WARN_UNREACHABLE_CODE = YES;
				CLANG_WARN__DUPLICATE_METHOD_MATCH = YES;
				COPY_PHASE_STRIP = NO;
				DEBUG_INFORMATION_FORMAT = "dwarf-with-dsym";
				ENABLE_NS_ASSERTIONS = NO;
				ENABLE_STRICT_OBJC_MSGSEND = YES;
				GCC_C_LANGUAGE_STANDARD = gnu11;
				GCC_NO_COMMON_BLOCKS = YES;
				GCC_WARN_64_TO_32_BIT_CONVERSION = YES;
				GCC_WARN_ABOUT_RETURN_TYPE = YES_ERROR;
				GCC_WARN_UNDECLARED_SELECTOR = YES;
				GCC_WARN_UNINITIALIZED_AUTOS = YES_AGGRESSIVE;
				GCC_WARN_UNUSED_FUNCTION = YES;
				GCC_WARN_UNUSED_VARIABLE = YES;
				IPHONEOS_DEPLOYMENT_TARGET = 14.4;
				MTL_ENABLE_DEBUG_INFO = NO;
				MTL_FAST_MATH = YES;
				SDKROOT = iphoneos;
				SWIFT_COMPILATION_MODE = wholemodule;
				SWIFT_OPTIMIZATION_LEVEL = "-O";
				VALIDATE_PRODUCT = YES;
			};
			name = Release;
		};
		784242FE2629E37D00D76575 /* Debug */ = {
			isa = XCBuildConfiguration;
			buildSettings = {
				ASSETCATALOG_COMPILER_APPICON_NAME = AppIcon;
				ASSETCATALOG_COMPILER_GLOBAL_ACCENT_COLOR_NAME = AccentColor;
				CODE_SIGN_STYLE = Automatic;
				DEVELOPMENT_TEAM = DY4HRQH94R;
				INFOPLIST_FILE = SushiVeslaTestApp/Info.plist;
				LD_RUNPATH_SEARCH_PATHS = (
					"$(inherited)",
					"@executable_path/Frameworks",
				);
				PRODUCT_BUNDLE_IDENTIFIER = Personal.SushiVeslaTestApp;
				PRODUCT_NAME = "$(TARGET_NAME)";
				SWIFT_VERSION = 5.0;
				TARGETED_DEVICE_FAMILY = 1;
			};
			name = Debug;
		};
		784242FF2629E37D00D76575 /* Release */ = {
			isa = XCBuildConfiguration;
			buildSettings = {
				ASSETCATALOG_COMPILER_APPICON_NAME = AppIcon;
				ASSETCATALOG_COMPILER_GLOBAL_ACCENT_COLOR_NAME = AccentColor;
				CODE_SIGN_STYLE = Automatic;
				DEVELOPMENT_TEAM = DY4HRQH94R;
				INFOPLIST_FILE = SushiVeslaTestApp/Info.plist;
				LD_RUNPATH_SEARCH_PATHS = (
					"$(inherited)",
					"@executable_path/Frameworks",
				);
				PRODUCT_BUNDLE_IDENTIFIER = Personal.SushiVeslaTestApp;
				PRODUCT_NAME = "$(TARGET_NAME)";
				SWIFT_VERSION = 5.0;
				TARGETED_DEVICE_FAMILY = 1;
			};
			name = Release;
		};
/* End XCBuildConfiguration section */

/* Begin XCConfigurationList section */
		784242E42629E37C00D76575 /* Build configuration list for PBXProject "SushiVeslaTestApp" */ = {
			isa = XCConfigurationList;
			buildConfigurations = (
				784242FB2629E37D00D76575 /* Debug */,
				784242FC2629E37D00D76575 /* Release */,
			);
			defaultConfigurationIsVisible = 0;
			defaultConfigurationName = Release;
		};
		784242FD2629E37D00D76575 /* Build configuration list for PBXNativeTarget "SushiVeslaTestApp" */ = {
			isa = XCConfigurationList;
			buildConfigurations = (
				784242FE2629E37D00D76575 /* Debug */,
				784242FF2629E37D00D76575 /* Release */,
			);
			defaultConfigurationIsVisible = 0;
			defaultConfigurationName = Release;
		};
/* End XCConfigurationList section */
	};
	rootObject = 784242E12629E37C00D76575 /* Project object */;
}
